
Microsoft Visual Studio Solution File, Format Version 12.00
# Visual Studio Version 17
VisualStudioVersion = 17.12.35527.113 d17.12
MinimumVisualStudioVersion = 10.0.40219.1
Project("{FAE04EC0-301F-11D3-BF4B-00C04F79EFBC}") = "OpenAPIDynamicValidation.WebApi", "OpenAPIDynamicValidation.WebApi\OpenAPIDynamicValidation.WebApi.csproj", "{BFB21FA3-BE3E-4A2D-89B5-5D7033428F3B}"
EndProject
Project("{FAE04EC0-301F-11D3-BF4B-00C04F79EFBC}") = "OpenAPIDynamicValidation.BAL", "OpenAPIDynamicValidation.BAL\OpenAPIDynamicValidation.BAL.csproj", "{E83F4453-6D4B-4261-A191-C0F1FFCD43E2}"
EndProject
Project("{FAE04EC0-301F-11D3-BF4B-00C04F79EFBC}") = "OpenAPIDynamicValidation.DAL", "OpenAPIDynamicValidation.DAL\OpenAPIDynamicValidation.DAL.csproj", "{1B8E5A4E-752E-4E9C-9CC6-52F52B2A1BD9}"
EndProject
Global
	GlobalSection(SolutionConfigurationPlatforms) = preSolution
		Debug|Any CPU = Debug|Any CPU
		Release|Any CPU = Release|Any CPU
	EndGlobalSection
	GlobalSection(ProjectConfigurationPlatforms) = postSolution
		{BFB21FA3-BE3E-4A2D-89B5-5D7033428F3B}.Debug|Any CPU.ActiveCfg = Debug|Any CPU
		{BFB21FA3-BE3E-4A2D-89B5-5D7033428F3B}.Debug|Any CPU.Build.0 = Debug|Any CPU
		{BFB21FA3-BE3E-4A2D-89B5-5D7033428F3B}.Release|Any CPU.ActiveCfg = Release|Any CPU
		{BFB21FA3-BE3E-4A2D-89B5-5D7033428F3B}.Release|Any CPU.Build.0 = Release|Any CPU
		{E83F4453-6D4B-4261-A191-C0F1FFCD43E2}.Debug|Any CPU.ActiveCfg = Debug|Any CPU
		{E83F4453-6D4B-4261-A191-C0F1FFCD43E2}.Debug|Any CPU.Build.0 = Debug|Any CPU
		{E83F4453-6D4B-4261-A191-C0F1FFCD43E2}.Release|Any CPU.ActiveCfg = Release|Any CPU
		{E83F4453-6D4B-4261-A191-C0F1FFCD43E2}.Release|Any CPU.Build.0 = Release|Any CPU
		{1B8E5A4E-752E-4E9C-9CC6-52F52B2A1BD9}.Debug|Any CPU.ActiveCfg = Debug|Any CPU
		{1B8E5A4E-752E-4E9C-9CC6-52F52B2A1BD9}.Debug|Any CPU.Build.0 = Debug|Any CPU
		{1B8E5A4E-752E-4E9C-9CC6-52F52B2A1BD9}.Release|Any CPU.ActiveCfg = Release|Any CPU
		{1B8E5A4E-752E-4E9C-9CC6-52F52B2A1BD9}.Release|Any CPU.Build.0 = Release|Any CPU
	EndGlobalSection
	GlobalSection(SolutionProperties) = preSolution
		HideSolutionNode = FALSE
	EndGlobalSection
EndGlobal
